
Microsoft Visual Studio Solution File, Format Version 12.00
# Visual Studio Version 16
VisualStudioVersion = 16.0.28729.10
MinimumVisualStudioVersion = 10.0.40219.1
Project("{FAE04EC0-301F-11D3-BF4B-00C04F79EFBC}") = "Session1", "Session1\Session1.csproj", "{F033A43A-84F5-42A0-94D0-97C50E0E5EC3}"
EndProject
Global
	GlobalSection(SolutionConfigurationPlatforms) = preSolution
		Debug|Any CPU = Debug|Any CPU
		Release|Any CPU = Release|Any CPU
	EndGlobalSection
	GlobalSection(ProjectConfigurationPlatforms) = postSolution
		{F033A43A-84F5-42A0-94D0-97C50E0E5EC3}.Debug|Any CPU.ActiveCfg = Debug|Any CPU
		{F033A43A-84F5-42A0-94D0-97C50E0E5EC3}.Debug|Any CPU.Build.0 = Debug|Any CPU
		{F033A43A-84F5-42A0-94D0-97C50E0E5EC3}.Release|Any CPU.ActiveCfg = Release|Any CPU
		{F033A43A-84F5-42A0-94D0-97C50E0E5EC3}.Release|Any CPU.Build.0 = Release|Any CPU
	EndGlobalSection
	GlobalSection(SolutionProperties) = preSolution
		HideSolutionNode = FALSE
	EndGlobalSection
	GlobalSection(ExtensibilityGlobals) = postSolution
		SolutionGuid = {227F16C9-2FF5-49A4-BDDD-0AA9730BF75B}
	EndGlobalSection
EndGlobal
